<?xml version="1.0" encoding="UTF-8"?>
<CodeBlocks_project_file>
	<FileVersion major="1" minor="6"/>
	<Project>
		<Option title="linktable"/>
		<Option makefile_is_custom="1"/>
		<Option compiler="gcc"/>
		<Option virtualFolders="CMake Files\;"/>
		<Build>
			<Target title="all">
				<Option working_dir="/Users/halxp/Desktop/C++/linktable"/>
				<Option type="4"/>
				<MakeCommands>
					<Build command="/usr/bin/make -f &quot;/Users/halxp/Desktop/C++/linktable/Makefile&quot;  VERBOSE=1 all"/>
					<CompileFile command="/usr/bin/make -f &quot;/Users/halxp/Desktop/C++/linktable/Makefile&quot;  VERBOSE=1 &quot;$file&quot;"/>
					<Clean command="/usr/bin/make -f &quot;/Users/halxp/Desktop/C++/linktable/Makefile&quot;  VERBOSE=1 clean"/>
					<DistClean command="/usr/bin/make -f &quot;/Users/halxp/Desktop/C++/linktable/Makefile&quot;  VERBOSE=1 clean"/>
				</MakeCommands>
			</Target>
			<Target title="rebuild_cache">
				<Option working_dir="/Users/halxp/Desktop/C++/linktable"/>
				<Option type="4"/>
				<MakeCommands>
					<Build command="/usr/bin/make -f &quot;/Users/halxp/Desktop/C++/linktable/Makefile&quot;  VERBOSE=1 rebuild_cache"/>
					<CompileFile command="/usr/bin/make -f &quot;/Users/halxp/Desktop/C++/linktable/Makefile&quot;  VERBOSE=1 &quot;$file&quot;"/>
					<Clean command="/usr/bin/make -f &quot;/Users/halxp/Desktop/C++/linktable/Makefile&quot;  VERBOSE=1 clean"/>
					<DistClean command="/usr/bin/make -f &quot;/Users/halxp/Desktop/C++/linktable/Makefile&quot;  VERBOSE=1 clean"/>
				</MakeCommands>
			</Target>
			<Target title="edit_cache">
				<Option working_dir="/Users/halxp/Desktop/C++/linktable"/>
				<Option type="4"/>
				<MakeCommands>
					<Build command="/usr/bin/make -f &quot;/Users/halxp/Desktop/C++/linktable/Makefile&quot;  VERBOSE=1 edit_cache"/>
					<CompileFile command="/usr/bin/make -f &quot;/Users/halxp/Desktop/C++/linktable/Makefile&quot;  VERBOSE=1 &quot;$file&quot;"/>
					<Clean command="/usr/bin/make -f &quot;/Users/halxp/Desktop/C++/linktable/Makefile&quot;  VERBOSE=1 clean"/>
					<DistClean command="/usr/bin/make -f &quot;/Users/halxp/Desktop/C++/linktable/Makefile&quot;  VERBOSE=1 clean"/>
				</MakeCommands>
			</Target>
			<Target title="link">
				<Option output="/Users/halxp/Desktop/C++/linktable/link" prefix_auto="0" extension_auto="0"/>
				<Option working_dir="/Users/halxp/Desktop/C++/linktable"/>
				<Option object_output="./"/>
				<Option type="1"/>
				<Option compiler="gcc"/>
				<Compiler/>
				<MakeCommands>
					<Build command="/usr/bin/make -f &quot;/Users/halxp/Desktop/C++/linktable/Makefile&quot;  VERBOSE=1 link"/>
					<CompileFile command="/usr/bin/make -f &quot;/Users/halxp/Desktop/C++/linktable/Makefile&quot;  VERBOSE=1 &quot;$file&quot;"/>
					<Clean command="/usr/bin/make -f &quot;/Users/halxp/Desktop/C++/linktable/Makefile&quot;  VERBOSE=1 clean"/>
					<DistClean command="/usr/bin/make -f &quot;/Users/halxp/Desktop/C++/linktable/Makefile&quot;  VERBOSE=1 clean"/>
				</MakeCommands>
			</Target>
			<Target title="link/fast">
				<Option output="/Users/halxp/Desktop/C++/linktable/link" prefix_auto="0" extension_auto="0"/>
				<Option working_dir="/Users/halxp/Desktop/C++/linktable"/>
				<Option object_output="./"/>
				<Option type="1"/>
				<Option compiler="gcc"/>
				<Compiler/>
				<MakeCommands>
					<Build command="/usr/bin/make -f &quot;/Users/halxp/Desktop/C++/linktable/Makefile&quot;  VERBOSE=1 link/fast"/>
					<CompileFile command="/usr/bin/make -f &quot;/Users/halxp/Desktop/C++/linktable/Makefile&quot;  VERBOSE=1 &quot;$file&quot;"/>
					<Clean command="/usr/bin/make -f &quot;/Users/halxp/Desktop/C++/linktable/Makefile&quot;  VERBOSE=1 clean"/>
					<DistClean command="/usr/bin/make -f &quot;/Users/halxp/Desktop/C++/linktable/Makefile&quot;  VERBOSE=1 clean"/>
				</MakeCommands>
			</Target>
		</Build>
		<Unit filename="/Users/halxp/Desktop/C++/linktable/library.cpp">
			<Option target="link"/>
		</Unit>
		<Unit filename="/Users/halxp/Desktop/C++/linktable/library.h">
			<Option target="link"/>
		</Unit>
		<Unit filename="/Users/halxp/Desktop/C++/linktable/link.cpp">
			<Option target="link"/>
		</Unit>
		<Unit filename="/Users/halxp/Desktop/C++/linktable/CMakeLists.txt">
			<Option virtualFolder="CMake Files\"/>
		</Unit>
	</Project>
</CodeBlocks_project_file>
